
Microsoft Visual Studio Solution File, Format Version 12.00
# Visual Studio Version 17
VisualStudioVersion = 17.8.34511.84
MinimumVisualStudioVersion = 10.0.40219.1
Project("{FAE04EC0-301F-11D3-BF4B-00C04F79EFBC}") = "CS_LibraryManager", "CS_LibraryManager\CS_LibraryManager.csproj", "{0F7329A0-C1B7-4D2E-9835-00F38F87E640}"
EndProject
Global
	GlobalSection(SolutionConfigurationPlatforms) = preSolution
		Debug|Any CPU = Debug|Any CPU
		Release|Any CPU = Release|Any CPU
	EndGlobalSection
	GlobalSection(ProjectConfigurationPlatforms) = postSolution
		{0F7329A0-C1B7-4D2E-9835-00F38F87E640}.Debug|Any CPU.ActiveCfg = Debug|Any CPU
		{0F7329A0-C1B7-4D2E-9835-00F38F87E640}.Debug|Any CPU.Build.0 = Debug|Any CPU
		{0F7329A0-C1B7-4D2E-9835-00F38F87E640}.Release|Any CPU.ActiveCfg = Release|Any CPU
		{0F7329A0-C1B7-4D2E-9835-00F38F87E640}.Release|Any CPU.Build.0 = Release|Any CPU
	EndGlobalSection
	GlobalSection(SolutionProperties) = preSolution
		HideSolutionNode = FALSE
	EndGlobalSection
	GlobalSection(ExtensibilityGlobals) = postSolution
		SolutionGuid = {58429862-8002-41D8-9E5E-579A434DCF77}
	EndGlobalSection
EndGlobal
